
Microsoft Visual Studio Solution File, Format Version 12.00
# Visual Studio 2015
Project("{FAE04EC0-301F-11D3-BF4B-00C04F79EFBC}") = "Rocket Golf.Plugins", "Rocket Golf.Plugins.csproj", "{4FE2DF22-2508-BDA3-CB1C-27729DE2D50A}"
EndProject
Project("{FAE04EC0-301F-11D3-BF4B-00C04F79EFBC}") = "Rocket Golf", "Rocket Golf.csproj", "{CD4957B9-253A-7203-DA6C-CA8ACB1BD55C}"
EndProject
Project("{FAE04EC0-301F-11D3-BF4B-00C04F79EFBC}") = "Rocket Golf.Editor.Plugins", "Rocket Golf.Editor.Plugins.csproj", "{1C374C7A-0E4E-0BC2-9DF7-541EF8BD5636}"
EndProject
Global
	GlobalSection(SolutionConfigurationPlatforms) = preSolution
		Debug|Any CPU = Debug|Any CPU
		Release|Any CPU = Release|Any CPU
	EndGlobalSection
	GlobalSection(ProjectConfigurationPlatforms) = postSolution
		{4FE2DF22-2508-BDA3-CB1C-27729DE2D50A}.Debug|Any CPU.ActiveCfg = Debug|Any CPU
		{4FE2DF22-2508-BDA3-CB1C-27729DE2D50A}.Debug|Any CPU.Build.0 = Debug|Any CPU
		{4FE2DF22-2508-BDA3-CB1C-27729DE2D50A}.Release|Any CPU.ActiveCfg = Release|Any CPU
		{4FE2DF22-2508-BDA3-CB1C-27729DE2D50A}.Release|Any CPU.Build.0 = Release|Any CPU
		{CD4957B9-253A-7203-DA6C-CA8ACB1BD55C}.Debug|Any CPU.ActiveCfg = Debug|Any CPU
		{CD4957B9-253A-7203-DA6C-CA8ACB1BD55C}.Debug|Any CPU.Build.0 = Debug|Any CPU
		{CD4957B9-253A-7203-DA6C-CA8ACB1BD55C}.Release|Any CPU.ActiveCfg = Release|Any CPU
		{CD4957B9-253A-7203-DA6C-CA8ACB1BD55C}.Release|Any CPU.Build.0 = Release|Any CPU
		{1C374C7A-0E4E-0BC2-9DF7-541EF8BD5636}.Debug|Any CPU.ActiveCfg = Debug|Any CPU
		{1C374C7A-0E4E-0BC2-9DF7-541EF8BD5636}.Debug|Any CPU.Build.0 = Debug|Any CPU
		{1C374C7A-0E4E-0BC2-9DF7-541EF8BD5636}.Release|Any CPU.ActiveCfg = Release|Any CPU
		{1C374C7A-0E4E-0BC2-9DF7-541EF8BD5636}.Release|Any CPU.Build.0 = Release|Any CPU
	EndGlobalSection
	GlobalSection(SolutionProperties) = preSolution
		HideSolutionNode = FALSE
	EndGlobalSection
EndGlobal
